{
  "requires": true,
  "lockfileVersion": 1,
  "dependencies": {
    "@openzeppelin/contracts": {
      "version": "3.2.0",
      "resolved": "https://registry.npm.taobao.org/@openzeppelin/contracts/download/@openzeppelin/contracts-3.2.0.tgz",
      "integrity": "sha1-Pms6dmLY7WQnGt6W70JlXbmD/Z0="
    }
  }
}
